
Microsoft Visual Studio Solution File, Format Version 12.00
# Visual Studio Version 16
VisualStudioVersion = 16.0.29911.84
MinimumVisualStudioVersion = 10.0.40219.1
Project("{FAE04EC0-301F-11D3-BF4B-00C04F79EFBC}") = "DrepakovaWeb", "DrepakovaWeb\DrepakovaWeb.csproj", "{4ACDA695-EFE2-4D89-9CDE-47003C0003F8}"
EndProject
Project("{F2A71F9B-5D33-465A-A702-920D77279786}") = "Drepakova.Core", "Drepakova.Core\Drepakova.Core.fsproj", "{7D619E52-17C3-479A-A3FF-ED7603280074}"
EndProject
Global
	GlobalSection(SolutionConfigurationPlatforms) = preSolution
		Debug|Any CPU = Debug|Any CPU
		Release|Any CPU = Release|Any CPU
	EndGlobalSection
	GlobalSection(ProjectConfigurationPlatforms) = postSolution
		{4ACDA695-EFE2-4D89-9CDE-47003C0003F8}.Debug|Any CPU.ActiveCfg = Debug|Any CPU
		{4ACDA695-EFE2-4D89-9CDE-47003C0003F8}.Debug|Any CPU.Build.0 = Debug|Any CPU
		{4ACDA695-EFE2-4D89-9CDE-47003C0003F8}.Release|Any CPU.ActiveCfg = Release|Any CPU
		{4ACDA695-EFE2-4D89-9CDE-47003C0003F8}.Release|Any CPU.Build.0 = Release|Any CPU
		{7D619E52-17C3-479A-A3FF-ED7603280074}.Debug|Any CPU.ActiveCfg = Debug|Any CPU
		{7D619E52-17C3-479A-A3FF-ED7603280074}.Debug|Any CPU.Build.0 = Debug|Any CPU
		{7D619E52-17C3-479A-A3FF-ED7603280074}.Release|Any CPU.ActiveCfg = Release|Any CPU
		{7D619E52-17C3-479A-A3FF-ED7603280074}.Release|Any CPU.Build.0 = Release|Any CPU
	EndGlobalSection
	GlobalSection(SolutionProperties) = preSolution
		HideSolutionNode = FALSE
	EndGlobalSection
	GlobalSection(ExtensibilityGlobals) = postSolution
		SolutionGuid = {35EB0900-62CD-4E03-99C6-81723F9DEFE9}
	EndGlobalSection
EndGlobal
